
Microsoft Visual Studio Solution File, Format Version 12.00
# Visual Studio Version 17
VisualStudioVersion = 17.9.34607.119
MinimumVisualStudioVersion = 10.0.40219.1
Project("{9A19103F-16F7-4668-BE54-9A1E7A4F7556}") = "PassMaker", "PassMaker.csproj", "{73F2A00C-9314-479D-8A31-9BD56932C703}"
EndProject
Project("{54435603-DBB4-11D2-8724-00A0C9A8B90C}") = "PassMakerSetUp", "..\PassMakerSetUp\PassMakerSetUp.vdproj", "{C72BABF3-374E-4C8A-B59A-59C812645FD9}"
EndProject
Global
	GlobalSection(SolutionConfigurationPlatforms) = preSolution
		Debug|Any CPU = Debug|Any CPU
		Release|Any CPU = Release|Any CPU
	EndGlobalSection
	GlobalSection(ProjectConfigurationPlatforms) = postSolution
		{73F2A00C-9314-479D-8A31-9BD56932C703}.Debug|Any CPU.ActiveCfg = Debug|Any CPU
		{73F2A00C-9314-479D-8A31-9BD56932C703}.Debug|Any CPU.Build.0 = Debug|Any CPU
		{73F2A00C-9314-479D-8A31-9BD56932C703}.Release|Any CPU.ActiveCfg = Release|Any CPU
		{73F2A00C-9314-479D-8A31-9BD56932C703}.Release|Any CPU.Build.0 = Release|Any CPU
		{C72BABF3-374E-4C8A-B59A-59C812645FD9}.Debug|Any CPU.ActiveCfg = Debug
		{C72BABF3-374E-4C8A-B59A-59C812645FD9}.Release|Any CPU.ActiveCfg = Release
	EndGlobalSection
	GlobalSection(SolutionProperties) = preSolution
		HideSolutionNode = FALSE
	EndGlobalSection
	GlobalSection(ExtensibilityGlobals) = postSolution
		SolutionGuid = {75F9095A-8CF0-4C3C-B8B5-4EF65312DAE6}
	EndGlobalSection
EndGlobal
